Microsoft Visual Studio Solution File, Format Version 12.00
# Visual Studio 15
VisualStudioVersion = 15.0.26430.15
MinimumVisualStudioVersion = 15.0.26124.0
Project("{9A19103F-16F7-4668-BE54-9A1E7A4F7556}") = "Fibon.Api", "Fibon.Api\Fibon.Api.csproj", "{0EF5CE82-2201-40DD-95ED-027CAED04126}"
EndProject
Project("{9A19103F-16F7-4668-BE54-9A1E7A4F7556}") = "Fibon.Service", "Fibon.Service\Fibon.Service.csproj", "{24F0589E-A6C6-41F3-BF43-0547EC19DF53}"
EndProject
Project("{9A19103F-16F7-4668-BE54-9A1E7A4F7556}") = "Fibon.Messages", "Fibon.Messages\Fibon.Messages.csproj", "{5E5B0F10-07C6-40F3-9935-6E592C33A1B2}"
EndProject
Project("{2150E333-8FDC-42A3-9474-1A3956D46DE8}") = "scripts", "scripts", "{FBB3D6B3-F7C2-4B62-886B-74B7A11FA738}"
	ProjectSection(SolutionItems) = preProject
		..\scripts\buildDocker.sh = ..\scripts\buildDocker.sh
	EndProjectSection
EndProject
Project("{9A19103F-16F7-4668-BE54-9A1E7A4F7556}") = "Fibon.Tests", "Fibon.Tests\Fibon.Tests.csproj", "{0EEF3687-33C4-48F9-940A-A73706210DFE}"
EndProject
Global
	GlobalSection(SolutionConfigurationPlatforms) = preSolution
		Debug|Any CPU = Debug|Any CPU
		Debug|x64 = Debug|x64
		Debug|x86 = Debug|x86
		Release|Any CPU = Release|Any CPU
		Release|x64 = Release|x64
		Release|x86 = Release|x86
	EndGlobalSection
	GlobalSection(ProjectConfigurationPlatforms) = postSolution
		{0EF5CE82-2201-40DD-95ED-027CAED04126}.Debug|Any CPU.ActiveCfg = Debug|Any CPU
		{0EF5CE82-2201-40DD-95ED-027CAED04126}.Debug|Any CPU.Build.0 = Debug|Any CPU
		{0EF5CE82-2201-40DD-95ED-027CAED04126}.Debug|x64.ActiveCfg = Debug|Any CPU
		{0EF5CE82-2201-40DD-95ED-027CAED04126}.Debug|x64.Build.0 = Debug|Any CPU
		{0EF5CE82-2201-40DD-95ED-027CAED04126}.Debug|x86.ActiveCfg = Debug|Any CPU
		{0EF5CE82-2201-40DD-95ED-027CAED04126}.Debug|x86.Build.0 = Debug|Any CPU
		{0EF5CE82-2201-40DD-95ED-027CAED04126}.Release|Any CPU.ActiveCfg = Release|Any CPU
		{0EF5CE82-2201-40DD-95ED-027CAED04126}.Release|Any CPU.Build.0 = Release|Any CPU
		{0EF5CE82-2201-40DD-95ED-027CAED04126}.Release|x64.ActiveCfg = Release|Any CPU
		{0EF5CE82-2201-40DD-95ED-027CAED04126}.Release|x64.Build.0 = Release|Any CPU
		{0EF5CE82-2201-40DD-95ED-027CAED04126}.Release|x86.ActiveCfg = Release|Any CPU
		{0EF5CE82-2201-40DD-95ED-027CAED04126}.Release|x86.Build.0 = Release|Any CPU
		{24F0589E-A6C6-41F3-BF43-0547EC19DF53}.Debug|Any CPU.ActiveCfg = Debug|Any CPU
		{24F0589E-A6C6-41F3-BF43-0547EC19DF53}.Debug|Any CPU.Build.0 = Debug|Any CPU
		{24F0589E-A6C6-41F3-BF43-0547EC19DF53}.Debug|x64.ActiveCfg = Debug|Any CPU
		{24F0589E-A6C6-41F3-BF43-0547EC19DF53}.Debug|x64.Build.0 = Debug|Any CPU
		{24F0589E-A6C6-41F3-BF43-0547EC19DF53}.Debug|x86.ActiveCfg = Debug|Any CPU
		{24F0589E-A6C6-41F3-BF43-0547EC19DF53}.Debug|x86.Build.0 = Debug|Any CPU
		{24F0589E-A6C6-41F3-BF43-0547EC19DF53}.Release|Any CPU.ActiveCfg = Release|Any CPU
		{24F0589E-A6C6-41F3-BF43-0547EC19DF53}.Release|Any CPU.Build.0 = Release|Any CPU
		{24F0589E-A6C6-41F3-BF43-0547EC19DF53}.Release|x64.ActiveCfg = Release|Any CPU
		{24F0589E-A6C6-41F3-BF43-0547EC19DF53}.Release|x64.Build.0 = Release|Any CPU
		{24F0589E-A6C6-41F3-BF43-0547EC19DF53}.Release|x86.ActiveCfg = Release|Any CPU
		{24F0589E-A6C6-41F3-BF43-0547EC19DF53}.Release|x86.Build.0 = Release|Any CPU
		{5E5B0F10-07C6-40F3-9935-6E592C33A1B2}.Debug|Any CPU.ActiveCfg = Debug|Any CPU
		{5E5B0F10-07C6-40F3-9935-6E592C33A1B2}.Debug|Any CPU.Build.0 = Debug|Any CPU
		{5E5B0F10-07C6-40F3-9935-6E592C33A1B2}.Debug|x64.ActiveCfg = Debug|Any CPU
		{5E5B0F10-07C6-40F3-9935-6E592C33A1B2}.Debug|x64.Build.0 = Debug|Any CPU
		{5E5B0F10-07C6-40F3-9935-6E592C33A1B2}.Debug|x86.ActiveCfg = Debug|Any CPU
		{5E5B0F10-07C6-40F3-9935-6E592C33A1B2}.Debug|x86.Build.0 = Debug|Any CPU
		{5E5B0F10-07C6-40F3-9935-6E592C33A1B2}.Release|Any CPU.ActiveCfg = Release|Any CPU
		{5E5B0F10-07C6-40F3-9935-6E592C33A1B2}.Release|Any CPU.Build.0 = Release|Any CPU
		{5E5B0F10-07C6-40F3-9935-6E592C33A1B2}.Release|x64.ActiveCfg = Release|Any CPU
		{5E5B0F10-07C6-40F3-9935-6E592C33A1B2}.Release|x64.Build.0 = Release|Any CPU
		{5E5B0F10-07C6-40F3-9935-6E592C33A1B2}.Release|x86.ActiveCfg = Release|Any CPU
		{5E5B0F10-07C6-40F3-9935-6E592C33A1B2}.Release|x86.Build.0 = Release|Any CPU
		{0EEF3687-33C4-48F9-940A-A73706210DFE}.Debug|Any CPU.ActiveCfg = Debug|Any CPU
		{0EEF3687-33C4-48F9-940A-A73706210DFE}.Debug|Any CPU.Build.0 = Debug|Any CPU
		{0EEF3687-33C4-48F9-940A-A73706210DFE}.Debug|x64.ActiveCfg = Debug|Any CPU
		{0EEF3687-33C4-48F9-940A-A73706210DFE}.Debug|x64.Build.0 = Debug|Any CPU
		{0EEF3687-33C4-48F9-940A-A73706210DFE}.Debug|x86.ActiveCfg = Debug|Any CPU
		{0EEF3687-33C4-48F9-940A-A73706210DFE}.Debug|x86.Build.0 = Debug|Any CPU
		{0EEF3687-33C4-48F9-940A-A73706210DFE}.Release|Any CPU.ActiveCfg = Release|Any CPU
		{0EEF3687-33C4-48F9-940A-A73706210DFE}.Release|Any CPU.Build.0 = Release|Any CPU
		{0EEF3687-33C4-48F9-940A-A73706210DFE}.Release|x64.ActiveCfg = Release|Any CPU
		{0EEF3687-33C4-48F9-940A-A73706210DFE}.Release|x64.Build.0 = Release|Any CPU
		{0EEF3687-33C4-48F9-940A-A73706210DFE}.Release|x86.ActiveCfg = Release|Any CPU
		{0EEF3687-33C4-48F9-940A-A73706210DFE}.Release|x86.Build.0 = Release|Any CPU
	EndGlobalSection
	GlobalSection(SolutionProperties) = preSolution
		HideSolutionNode = FALSE
	EndGlobalSection
EndGlobal
